
Microsoft Visual Studio Solution File, Format Version 12.00
# Visual Studio 15
VisualStudioVersion = 15.0.28307.168
MinimumVisualStudioVersion = 10.0.40219.1
Project("{8BC9CEB8-8B4A-11D0-8D11-00A0C91BC942}") = "CppLesson.Prob797", "CppLesson.Prob797\CppLesson.Prob797.vcxproj", "{066F78C4-CA5B-4D11-95FD-AA011EA28F7A}"
EndProject
Project("{8BC9CEB8-8B4A-11D0-8D11-00A0C91BC942}") = "CppLesson.Prob894WordLength", "CppLesson.Prob894WordLength\CppLesson.Prob894WordLength.vcxproj", "{03D4E3B0-7211-4FA7-994D-DFEE4098308A}"
EndProject
Project("{8BC9CEB8-8B4A-11D0-8D11-00A0C91BC942}") = "CppLesson.Prob750UpperBound", "CppLesson.Prob750UpperBound\CppLesson.Prob750UpperBound.vcxproj", "{366D6DEE-D047-44C5-8668-FED1CF6D8B36}"
EndProject
Project("{8BC9CEB8-8B4A-11D0-8D11-00A0C91BC942}") = "CppLesson.ProbRomeoJuliet", "CppLesson.ProbRomeoJuliet\CppLesson.ProbRomeoJuliet.vcxproj", "{19D9C0C7-8C51-4467-BC20-B785745E0122}"
EndProject
Global
	GlobalSection(SolutionConfigurationPlatforms) = preSolution
		Debug|x64 = Debug|x64
		Debug|x86 = Debug|x86
		Release|x64 = Release|x64
		Release|x86 = Release|x86
	EndGlobalSection
	GlobalSection(ProjectConfigurationPlatforms) = postSolution
		{066F78C4-CA5B-4D11-95FD-AA011EA28F7A}.Debug|x64.ActiveCfg = Debug|x64
		{066F78C4-CA5B-4D11-95FD-AA011EA28F7A}.Debug|x64.Build.0 = Debug|x64
		{066F78C4-CA5B-4D11-95FD-AA011EA28F7A}.Debug|x86.ActiveCfg = Debug|Win32
		{066F78C4-CA5B-4D11-95FD-AA011EA28F7A}.Debug|x86.Build.0 = Debug|Win32
		{066F78C4-CA5B-4D11-95FD-AA011EA28F7A}.Release|x64.ActiveCfg = Release|x64
		{066F78C4-CA5B-4D11-95FD-AA011EA28F7A}.Release|x64.Build.0 = Release|x64
		{066F78C4-CA5B-4D11-95FD-AA011EA28F7A}.Release|x86.ActiveCfg = Release|Win32
		{066F78C4-CA5B-4D11-95FD-AA011EA28F7A}.Release|x86.Build.0 = Release|Win32
		{03D4E3B0-7211-4FA7-994D-DFEE4098308A}.Debug|x64.ActiveCfg = Debug|x64
		{03D4E3B0-7211-4FA7-994D-DFEE4098308A}.Debug|x64.Build.0 = Debug|x64
		{03D4E3B0-7211-4FA7-994D-DFEE4098308A}.Debug|x86.ActiveCfg = Debug|Win32
		{03D4E3B0-7211-4FA7-994D-DFEE4098308A}.Debug|x86.Build.0 = Debug|Win32
		{03D4E3B0-7211-4FA7-994D-DFEE4098308A}.Release|x64.ActiveCfg = Release|x64
		{03D4E3B0-7211-4FA7-994D-DFEE4098308A}.Release|x64.Build.0 = Release|x64
		{03D4E3B0-7211-4FA7-994D-DFEE4098308A}.Release|x86.ActiveCfg = Release|Win32
		{03D4E3B0-7211-4FA7-994D-DFEE4098308A}.Release|x86.Build.0 = Release|Win32
		{366D6DEE-D047-44C5-8668-FED1CF6D8B36}.Debug|x64.ActiveCfg = Debug|x64
		{366D6DEE-D047-44C5-8668-FED1CF6D8B36}.Debug|x64.Build.0 = Debug|x64
		{366D6DEE-D047-44C5-8668-FED1CF6D8B36}.Debug|x86.ActiveCfg = Debug|Win32
		{366D6DEE-D047-44C5-8668-FED1CF6D8B36}.Debug|x86.Build.0 = Debug|Win32
		{366D6DEE-D047-44C5-8668-FED1CF6D8B36}.Release|x64.ActiveCfg = Release|x64
		{366D6DEE-D047-44C5-8668-FED1CF6D8B36}.Release|x64.Build.0 = Release|x64
		{366D6DEE-D047-44C5-8668-FED1CF6D8B36}.Release|x86.ActiveCfg = Release|Win32
		{366D6DEE-D047-44C5-8668-FED1CF6D8B36}.Release|x86.Build.0 = Release|Win32
		{19D9C0C7-8C51-4467-BC20-B785745E0122}.Debug|x64.ActiveCfg = Debug|x64
		{19D9C0C7-8C51-4467-BC20-B785745E0122}.Debug|x64.Build.0 = Debug|x64
		{19D9C0C7-8C51-4467-BC20-B785745E0122}.Debug|x86.ActiveCfg = Debug|Win32
		{19D9C0C7-8C51-4467-BC20-B785745E0122}.Debug|x86.Build.0 = Debug|Win32
		{19D9C0C7-8C51-4467-BC20-B785745E0122}.Release|x64.ActiveCfg = Release|x64
		{19D9C0C7-8C51-4467-BC20-B785745E0122}.Release|x64.Build.0 = Release|x64
		{19D9C0C7-8C51-4467-BC20-B785745E0122}.Release|x86.ActiveCfg = Release|Win32
		{19D9C0C7-8C51-4467-BC20-B785745E0122}.Release|x86.Build.0 = Release|Win32
	EndGlobalSection
	GlobalSection(SolutionProperties) = preSolution
		HideSolutionNode = FALSE
	EndGlobalSection
	GlobalSection(ExtensibilityGlobals) = postSolution
		SolutionGuid = {0D23BC9B-2813-4603-8146-B71C2492DB8F}
	EndGlobalSection
EndGlobal
